
Microsoft Visual Studio Solution File, Format Version 12.00
# Visual Studio Version 17
VisualStudioVersion = 17.0.31903.59
MinimumVisualStudioVersion = 10.0.40219.1
Project("{FAE04EC0-301F-11D3-BF4B-00C04F79EFBC}") = "Core", "Core\Core.csproj", "{72D15580-6B5A-4458-B2AD-2426096D6419}"
EndProject
Project("{FAE04EC0-301F-11D3-BF4B-00C04F79EFBC}") = "Business", "Business\Business.csproj", "{AA20ED85-F428-4444-9962-EE8CAD33C54D}"
EndProject
Project("{FAE04EC0-301F-11D3-BF4B-00C04F79EFBC}") = "Tests", "Tests\Tests.csproj", "{5FCE8401-FEF4-42FB-9856-5EBCA205E912}"
EndProject
Global
	GlobalSection(SolutionConfigurationPlatforms) = preSolution
		Debug|Any CPU = Debug|Any CPU
		Release|Any CPU = Release|Any CPU
	EndGlobalSection
	GlobalSection(SolutionProperties) = preSolution
		HideSolutionNode = FALSE
	EndGlobalSection
	GlobalSection(ProjectConfigurationPlatforms) = postSolution
		{72D15580-6B5A-4458-B2AD-2426096D6419}.Debug|Any CPU.ActiveCfg = Debug|Any CPU
		{72D15580-6B5A-4458-B2AD-2426096D6419}.Debug|Any CPU.Build.0 = Debug|Any CPU
		{72D15580-6B5A-4458-B2AD-2426096D6419}.Release|Any CPU.ActiveCfg = Release|Any CPU
		{72D15580-6B5A-4458-B2AD-2426096D6419}.Release|Any CPU.Build.0 = Release|Any CPU
		{AA20ED85-F428-4444-9962-EE8CAD33C54D}.Debug|Any CPU.ActiveCfg = Debug|Any CPU
		{AA20ED85-F428-4444-9962-EE8CAD33C54D}.Debug|Any CPU.Build.0 = Debug|Any CPU
		{AA20ED85-F428-4444-9962-EE8CAD33C54D}.Release|Any CPU.ActiveCfg = Release|Any CPU
		{AA20ED85-F428-4444-9962-EE8CAD33C54D}.Release|Any CPU.Build.0 = Release|Any CPU
		{5FCE8401-FEF4-42FB-9856-5EBCA205E912}.Debug|Any CPU.ActiveCfg = Debug|Any CPU
		{5FCE8401-FEF4-42FB-9856-5EBCA205E912}.Debug|Any CPU.Build.0 = Debug|Any CPU
		{5FCE8401-FEF4-42FB-9856-5EBCA205E912}.Release|Any CPU.ActiveCfg = Release|Any CPU
		{5FCE8401-FEF4-42FB-9856-5EBCA205E912}.Release|Any CPU.Build.0 = Release|Any CPU
	EndGlobalSection
EndGlobal
